
Microsoft Visual Studio Solution File, Format Version 12.00
# Visual Studio Version 16
VisualStudioVersion = 16.0.32630.194
MinimumVisualStudioVersion = 10.0.40219.1
Project("{8BC9CEB8-8B4A-11D0-8D11-00A0C91BC942}") = "arkanoid", "arkanoid.vcxproj", "{44C049C2-5A78-485A-BFC6-7A7D247FEFCF}"
EndProject
Global
	GlobalSection(SolutionConfigurationPlatforms) = preSolution
		Debug|x64 = Debug|x64
		Debug|x86 = Debug|x86
		Release|x64 = Release|x64
		Release|x86 = Release|x86
	EndGlobalSection
	GlobalSection(ProjectConfigurationPlatforms) = postSolution
		{44C049C2-5A78-485A-BFC6-7A7D247FEFCF}.Debug|x64.ActiveCfg = Debug|x64
		{44C049C2-5A78-485A-BFC6-7A7D247FEFCF}.Debug|x64.Build.0 = Debug|x64
		{44C049C2-5A78-485A-BFC6-7A7D247FEFCF}.Debug|x86.ActiveCfg = Debug|Win32
		{44C049C2-5A78-485A-BFC6-7A7D247FEFCF}.Debug|x86.Build.0 = Debug|Win32
		{44C049C2-5A78-485A-BFC6-7A7D247FEFCF}.Release|x64.ActiveCfg = Release|x64
		{44C049C2-5A78-485A-BFC6-7A7D247FEFCF}.Release|x64.Build.0 = Release|x64
		{44C049C2-5A78-485A-BFC6-7A7D247FEFCF}.Release|x86.ActiveCfg = Release|Win32
		{44C049C2-5A78-485A-BFC6-7A7D247FEFCF}.Release|x86.Build.0 = Release|Win32
	EndGlobalSection
	GlobalSection(SolutionProperties) = preSolution
		HideSolutionNode = FALSE
	EndGlobalSection
	GlobalSection(ExtensibilityGlobals) = postSolution
		SolutionGuid = {818AA7A5-BB19-40AE-9E95-95F0460F392C}
	EndGlobalSection
EndGlobal
